{
	"name": "ts-babel-path-alias-resolver",
	"version": "1.0.0",
	"lockfileVersion": 3,
	"requires": true,
	"packages": {
		"": {
			"name": "ts-babel-path-alias-resolver",
			"version": "1.0.0",
			"license": "MIT",
			"devDependencies": {
				"json-to-js-obj": "^1.0.5"
			}
		},
		"node_modules/json-to-js-obj": {
			"version": "1.0.5",
			"resolved": "https://registry.npmjs.org/json-to-js-obj/-/json-to-js-obj-1.0.5.tgz",
			"integrity": "sha512-SBqbeTSUGn6XwBc503EkUDGGA3SvkruiFkzMd7z9qr78WnwgseHvX2S+TsKZ6biuZddJf2AJM3MOotisJXdyQA==",
			"dev": true
		}
	}
}
